
Microsoft Visual Studio Solution File, Format Version 12.00
# Visual Studio Version 17
VisualStudioVersion = 17.3.32825.248
MinimumVisualStudioVersion = 10.0.40219.1
Project("{FAE04EC0-301F-11D3-BF4B-00C04F79EFBC}") = "lab 1.02", "lab 1.02.csproj", "{03FCDAF4-3A01-4983-B2CF-1929293BE6CD}"
EndProject
Global
	GlobalSection(SolutionConfigurationPlatforms) = preSolution
		Debug|Any CPU = Debug|Any CPU
		Release|Any CPU = Release|Any CPU
	EndGlobalSection
	GlobalSection(ProjectConfigurationPlatforms) = postSolution
		{03FCDAF4-3A01-4983-B2CF-1929293BE6CD}.Debug|Any CPU.ActiveCfg = Debug|Any CPU
		{03FCDAF4-3A01-4983-B2CF-1929293BE6CD}.Debug|Any CPU.Build.0 = Debug|Any CPU
		{03FCDAF4-3A01-4983-B2CF-1929293BE6CD}.Release|Any CPU.ActiveCfg = Release|Any CPU
		{03FCDAF4-3A01-4983-B2CF-1929293BE6CD}.Release|Any CPU.Build.0 = Release|Any CPU
	EndGlobalSection
	GlobalSection(SolutionProperties) = preSolution
		HideSolutionNode = FALSE
	EndGlobalSection
	GlobalSection(ExtensibilityGlobals) = postSolution
		SolutionGuid = {ABFD6723-E5FB-4AFC-9272-BBBE9A2A9DA6}
	EndGlobalSection
EndGlobal
